{
  "name": "contracts",
  "version": "1.0.0",
  "lockfileVersion": 3,
  "requires": true,
  "packages": {
    "": {
      "name": "contracts",
      "version": "1.0.0",
      "license": "ISC",
      "dependencies": {
        "@openzeppelin/contracts": "^5.3.0",
        "@openzeppelin/contracts-upgradeable": "^5.3.0",
        "solady": "^0.1.19"
      }
    },
    "node_modules/.pnpm/@openzeppelin+contracts-upgradeable@5.3.0_@openzeppelin+contracts@5.3.0": {
      "extraneous": true
    },
    "node_modules/.pnpm/@openzeppelin+contracts@5.3.0/node_modules/@openzeppelin/contracts": {
      "version": "5.3.0",
      "extraneous": true,
      "license": "MIT"
    },
    "node_modules/@openzeppelin/contracts": {
      "version": "5.3.0",
      "resolved": "https://registry.npmjs.org/@openzeppelin/contracts/-/contracts-5.3.0.tgz",
      "integrity": "sha512-zj/KGoW7zxWUE8qOI++rUM18v+VeLTTzKs/DJFkSzHpQFPD/jKKF0TrMxBfGLl3kpdELCNccvB3zmofSzm4nlA==",
      "license": "MIT"
    },
    "node_modules/@openzeppelin/contracts-upgradeable": {
      "version": "5.3.0",
      "resolved": "https://registry.npmjs.org/@openzeppelin/contracts-upgradeable/-/contracts-upgradeable-5.3.0.tgz",
      "integrity": "sha512-yVzSSyTMWO6rapGI5tuqkcLpcGGXA0UA1vScyV5EhE5yw8By3Ewex9rDUw8lfVw0iTkvR/egjfcW5vpk03lqZg==",
      "license": "MIT",
      "peerDependencies": {
        "@openzeppelin/contracts": "5.3.0"
      }
    },
    "node_modules/solady": {
      "version": "0.1.19",
      "resolved": "https://registry.npmjs.org/solady/-/solady-0.1.19.tgz",
      "integrity": "sha512-G++8xhNVkRaCw7uySX1obmhYLOk7nFjeCc1XcTmA+WQ7cQXqYDca+DoDpWI/N6iWKOcQQXoLwx+5Vkx9LDSABw==",
      "license": "MIT"
    }
  }
}
